
Microsoft Visual Studio Solution File, Format Version 12.00
# Visual Studio Version 17
VisualStudioVersion = 17.9.34701.34
MinimumVisualStudioVersion = 10.0.40219.1
Project("{FAE04EC0-301F-11D3-BF4B-00C04F79EFBC}") = "SmallBasket.API", "SmallBasket.API.csproj", "{8FF4D0CC-4F80-4F1B-9A48-6391C80E8B91}"
EndProject
Project("{00D1A9C2-B5F0-4AF3-8072-F6C62B433612}") = "Database", "..\Database\Database.sqlproj", "{E60BAD58-9686-4368-BFD4-25A924958766}"
EndProject
Global
	GlobalSection(SolutionConfigurationPlatforms) = preSolution
		Debug|Any CPU = Debug|Any CPU
		Release|Any CPU = Release|Any CPU
	EndGlobalSection
	GlobalSection(ProjectConfigurationPlatforms) = postSolution
		{8FF4D0CC-4F80-4F1B-9A48-6391C80E8B91}.Debug|Any CPU.ActiveCfg = Debug|Any CPU
		{8FF4D0CC-4F80-4F1B-9A48-6391C80E8B91}.Debug|Any CPU.Build.0 = Debug|Any CPU
		{8FF4D0CC-4F80-4F1B-9A48-6391C80E8B91}.Release|Any CPU.ActiveCfg = Release|Any CPU
		{8FF4D0CC-4F80-4F1B-9A48-6391C80E8B91}.Release|Any CPU.Build.0 = Release|Any CPU
		{E60BAD58-9686-4368-BFD4-25A924958766}.Debug|Any CPU.ActiveCfg = Debug|Any CPU
		{E60BAD58-9686-4368-BFD4-25A924958766}.Debug|Any CPU.Build.0 = Debug|Any CPU
		{E60BAD58-9686-4368-BFD4-25A924958766}.Debug|Any CPU.Deploy.0 = Debug|Any CPU
		{E60BAD58-9686-4368-BFD4-25A924958766}.Release|Any CPU.ActiveCfg = Release|Any CPU
		{E60BAD58-9686-4368-BFD4-25A924958766}.Release|Any CPU.Build.0 = Release|Any CPU
		{E60BAD58-9686-4368-BFD4-25A924958766}.Release|Any CPU.Deploy.0 = Release|Any CPU
	EndGlobalSection
	GlobalSection(SolutionProperties) = preSolution
		HideSolutionNode = FALSE
	EndGlobalSection
	GlobalSection(ExtensibilityGlobals) = postSolution
		SolutionGuid = {8D9A1FC2-D743-43BF-9898-8EC338071D08}
	EndGlobalSection
EndGlobal
